github.com/asaskevich/EventBus v0.0.0-20200907212545-49d423059eef h1:2JGTg6JapxP9/R33ZaagQtAM4EkkSYnIAlOG5EI8gkM=
github.com/asaskevich/EventBus v0.0.0-20200907212545-49d423059eef/go.mod h1:JS7hed4L1fj0hXcyEejnW57/7LCetXggd+vwrRnYeII=
github.com/orcaman/concurrent-map/v2 v2.0.1 h1:jOJ5Pg2w1oeB6PeDurIYf6k9PQ+aTITr/6lP/L/zp6c=
github.com/orcaman/concurrent-map/v2 v2.0.1/go.mod h1:9Eq3TG2oBe5FirmYWQfYO5iH1q0Jv47PLaNK++uCdOM=
